
Microsoft Visual Studio Solution File, Format Version 12.00
# Visual Studio Version 17
VisualStudioVersion = 17.9.34723.18
MinimumVisualStudioVersion = 10.0.40219.1
Project("{FAE04EC0-301F-11D3-BF4B-00C04F79EFBC}") = "lab4ATTMMT11", "lab4ATTMMT11\lab4ATTMMT11.csproj", "{96E0E894-06F3-4A75-8FC1-B6D61C1D9B63}"
EndProject
Global
	GlobalSection(SolutionConfigurationPlatforms) = preSolution
		Debug|Any CPU = Debug|Any CPU
		Release|Any CPU = Release|Any CPU
	EndGlobalSection
	GlobalSection(ProjectConfigurationPlatforms) = postSolution
		{96E0E894-06F3-4A75-8FC1-B6D61C1D9B63}.Debug|Any CPU.ActiveCfg = Debug|Any CPU
		{96E0E894-06F3-4A75-8FC1-B6D61C1D9B63}.Debug|Any CPU.Build.0 = Debug|Any CPU
		{96E0E894-06F3-4A75-8FC1-B6D61C1D9B63}.Release|Any CPU.ActiveCfg = Release|Any CPU
		{96E0E894-06F3-4A75-8FC1-B6D61C1D9B63}.Release|Any CPU.Build.0 = Release|Any CPU
	EndGlobalSection
	GlobalSection(SolutionProperties) = preSolution
		HideSolutionNode = FALSE
	EndGlobalSection
	GlobalSection(ExtensibilityGlobals) = postSolution
		SolutionGuid = {8ED8D814-39BE-4E5D-9732-C4927741A59D}
	EndGlobalSection
EndGlobal
